
Microsoft Visual Studio Solution File, Format Version 12.00
# Visual Studio 15
VisualStudioVersion = 15.0.26228.13
MinimumVisualStudioVersion = 10.0.40219.1
Project("{FAE04EC0-301F-11D3-BF4B-00C04F79EFBC}") = "ProductService", "ProductService\ProductService.csproj", "{44E23539-AEC2-44D3-AABF-03C11FC66E0C}"
EndProject
Project("{FAE04EC0-301F-11D3-BF4B-00C04F79EFBC}") = "ProductService.Tests", "ProductService.Tests\ProductService.Tests.csproj", "{634EA00D-0454-403D-A4A4-4D1AC5E41D1C}"
EndProject
Project("{151D2E53-A2C4-4D7D-83FE-D05416EBD58E}") = "ProductService.Infrastructure", "ProductService.Infrastructure\ProductService.Infrastructure.deployproj", "{51B74BFC-32FC-4FF8-B8FC-48429C1C66A8}"
EndProject
Global
	GlobalSection(SolutionConfigurationPlatforms) = preSolution
		Debug|Any CPU = Debug|Any CPU
		Release|Any CPU = Release|Any CPU
	EndGlobalSection
	GlobalSection(ProjectConfigurationPlatforms) = postSolution
		{44E23539-AEC2-44D3-AABF-03C11FC66E0C}.Debug|Any CPU.ActiveCfg = Debug|Any CPU
		{44E23539-AEC2-44D3-AABF-03C11FC66E0C}.Debug|Any CPU.Build.0 = Debug|Any CPU
		{44E23539-AEC2-44D3-AABF-03C11FC66E0C}.Release|Any CPU.ActiveCfg = Release|Any CPU
		{44E23539-AEC2-44D3-AABF-03C11FC66E0C}.Release|Any CPU.Build.0 = Release|Any CPU
		{634EA00D-0454-403D-A4A4-4D1AC5E41D1C}.Debug|Any CPU.ActiveCfg = Debug|Any CPU
		{634EA00D-0454-403D-A4A4-4D1AC5E41D1C}.Debug|Any CPU.Build.0 = Debug|Any CPU
		{634EA00D-0454-403D-A4A4-4D1AC5E41D1C}.Release|Any CPU.ActiveCfg = Release|Any CPU
		{634EA00D-0454-403D-A4A4-4D1AC5E41D1C}.Release|Any CPU.Build.0 = Release|Any CPU
		{51B74BFC-32FC-4FF8-B8FC-48429C1C66A8}.Debug|Any CPU.ActiveCfg = Debug|Any CPU
		{51B74BFC-32FC-4FF8-B8FC-48429C1C66A8}.Release|Any CPU.ActiveCfg = Release|Any CPU
		{51B74BFC-32FC-4FF8-B8FC-48429C1C66A8}.Release|Any CPU.Build.0 = Release|Any CPU
	EndGlobalSection
	GlobalSection(SolutionProperties) = preSolution
		HideSolutionNode = FALSE
	EndGlobalSection
	GlobalSection(ExtensibilityGlobals) = postSolution
		SolutionGuid = {9D940357-308F-4788-AFBA-0045485AE01F}
	EndGlobalSection
EndGlobal
